<?xml version="1.0" encoding="utf-8"?>
<Project ToolsVersion="4.0" xmlns="http://schemas.microsoft.com/developer/msbuild/2003">
  <ItemGroup>
    <Filter Include="Source Files">
      <UniqueIdentifier>{4FC737F1-C7A5-4376-A066-2A32D752A2FF}</UniqueIdentifier>
      <Extensions>cpp;c;cc;cxx;def;odl;idl;hpj;bat;asm;asmx</Extensions>
    </Filter>
    <Filter Include="Header Files">
      <UniqueIdentifier>{93995380-89BD-4b04-88EB-625FBE52EBFB}</UniqueIdentifier>
      <Extensions>h;hh;hpp;hxx;hm;inl;inc;xsd</Extensions>
    </Filter>
    <Filter Include="Resource Files">
      <UniqueIdentifier>{67DA6AB6-F800-4c08-8B7A-83BB121AAD01}</UniqueIdentifier>
      <Extensions>rc;ico;cur;bmp;dlg;rc2;rct;bin;rgs;gif;jpg;jpeg;jpe;resx;tiff;tif;png;wav;mfcribbon-ms</Extensions>
    </Filter>
  </ItemGroup>
  <ItemGroup>
    <ClInclude Include="resource.h">
      <Filter>Header Files</Filter>
    </ClInclude>
    <ClInclude Include="Stim.h">
      <Filter>Header Files</Filter>
    </ClInclude>
    <ClInclude Include="bass.h">
      <Filter>Header Files</Filter>
    </ClInclude>
  </ItemGroup>
  <ItemGroup>
    <ResourceCompile Include="Game_1.rc">
      <Filter>Resource Files</Filter>
    </ResourceCompile>
  </ItemGroup>
  <ItemGroup>
    <Text Include="Game_info.txt">
      <Filter>Resource Files</Filter>
    </Text>
    <Text Include="Skeleton.txt">
      <Filter>Resource Files</Filter>
    </Text>
    <Text Include="Player.txt">
      <Filter>Resource Files</Filter>
    </Text>
    <Text Include="Orc.txt">
      <Filter>Resource Files</Filter>
    </Text>
    <Text Include="Goblin.txt">
      <Filter>Resource Files</Filter>
    </Text>
    <Text Include="Troll.txt">
      <Filter>Resource Files</Filter>
    </Text>
    <Text Include="Unknown.txt">
      <Filter>Resource Files</Filter>
    </Text>
    <Text Include="Potion.txt">
      <Filter>Resource Files</Filter>
    </Text>
    <Text Include="Fire_rune.txt">
      <Filter>Resource Files</Filter>
    </Text>
    <Text Include="Frost_rune.txt">
      <Filter>Resource Files</Filter>
    </Text>
    <Text Include="Wooden_sword.txt">
      <Filter>Resource Files</Filter>
    </Text>
    <Text Include="Wood_club.txt">
      <Filter>Resource Files</Filter>
    </Text>
    <Text Include="Chipped_dagger.txt">
      <Filter>Resource Files</Filter>
    </Text>
    <Text Include="Light_rune.txt">
      <Filter>Resource Files</Filter>
    </Text>
  </ItemGroup>
  <ItemGroup>
    <ClCompile Include="Stim.c">
      <Filter>Source Files</Filter>
    </ClCompile>
    <ClCompile Include="Graphics.c">
      <Filter>Source Files</Filter>
    </ClCompile>
    <ClCompile Include="InventoryLinkedList.c">
      <Filter>Source Files</Filter>
    </ClCompile>
  </ItemGroup>
</Project>